
Microsoft Visual Studio Solution File, Format Version 12.00
# Visual Studio Version 16
VisualStudioVersion = 16.0.30104.148
MinimumVisualStudioVersion = 10.0.40219.1
Project("{FAE04EC0-301F-11D3-BF4B-00C04F79EFBC}") = "lab_7_fractals", "lab_7_fractals\lab_7_fractals.csproj", "{3796B56D-C2CD-48AC-94EE-B8BC86DA4777}"
EndProject
Global
	GlobalSection(SolutionConfigurationPlatforms) = preSolution
		Debug|Any CPU = Debug|Any CPU
		Release|Any CPU = Release|Any CPU
	EndGlobalSection
	GlobalSection(ProjectConfigurationPlatforms) = postSolution
		{3796B56D-C2CD-48AC-94EE-B8BC86DA4777}.Debug|Any CPU.ActiveCfg = Debug|Any CPU
		{3796B56D-C2CD-48AC-94EE-B8BC86DA4777}.Debug|Any CPU.Build.0 = Debug|Any CPU
		{3796B56D-C2CD-48AC-94EE-B8BC86DA4777}.Release|Any CPU.ActiveCfg = Release|Any CPU
		{3796B56D-C2CD-48AC-94EE-B8BC86DA4777}.Release|Any CPU.Build.0 = Release|Any CPU
	EndGlobalSection
	GlobalSection(SolutionProperties) = preSolution
		HideSolutionNode = FALSE
	EndGlobalSection
	GlobalSection(ExtensibilityGlobals) = postSolution
		SolutionGuid = {80EFBA92-2DC2-4D37-A872-F52C8402226C}
	EndGlobalSection
EndGlobal
